
Microsoft Visual Studio Solution File, Format Version 12.00
# Visual Studio Version 16
VisualStudioVersion = 16.0.29519.87
MinimumVisualStudioVersion = 10.0.40219.1
Project("{8BC9CEB8-8B4A-11D0-8D11-00A0C91BC942}") = "1", "1\1.vcxproj", "{9277A89A-570E-4140-B661-FB7CD5C89648}"
EndProject
Project("{8BC9CEB8-8B4A-11D0-8D11-00A0C91BC942}") = "2", "2\2.vcxproj", "{9DFAC6AE-711E-41C5-87EB-2F075BC11C5A}"
EndProject
Project("{8BC9CEB8-8B4A-11D0-8D11-00A0C91BC942}") = "3", "3\3.vcxproj", "{808301C2-3DD6-482C-83EC-7DAD1490AC34}"
EndProject
Project("{8BC9CEB8-8B4A-11D0-8D11-00A0C91BC942}") = "4", "4\4.vcxproj", "{A778A19A-9411-4C8A-B412-6C21C8560436}"
EndProject
Project("{8BC9CEB8-8B4A-11D0-8D11-00A0C91BC942}") = "5", "5\5.vcxproj", "{BEFF7D2F-A2EB-4E94-BE9E-BB6E595A5F75}"
EndProject
Project("{8BC9CEB8-8B4A-11D0-8D11-00A0C91BC942}") = "6", "6\6.vcxproj", "{C104BA29-9129-4EA5-9669-D7FDE1C1E041}"
EndProject
Global
	GlobalSection(SolutionConfigurationPlatforms) = preSolution
		Debug|x64 = Debug|x64
		Debug|x86 = Debug|x86
		Release|x64 = Release|x64
		Release|x86 = Release|x86
	EndGlobalSection
	GlobalSection(ProjectConfigurationPlatforms) = postSolution
		{9277A89A-570E-4140-B661-FB7CD5C89648}.Debug|x64.ActiveCfg = Debug|x64
		{9277A89A-570E-4140-B661-FB7CD5C89648}.Debug|x64.Build.0 = Debug|x64
		{9277A89A-570E-4140-B661-FB7CD5C89648}.Debug|x86.ActiveCfg = Debug|Win32
		{9277A89A-570E-4140-B661-FB7CD5C89648}.Debug|x86.Build.0 = Debug|Win32
		{9277A89A-570E-4140-B661-FB7CD5C89648}.Release|x64.ActiveCfg = Release|x64
		{9277A89A-570E-4140-B661-FB7CD5C89648}.Release|x64.Build.0 = Release|x64
		{9277A89A-570E-4140-B661-FB7CD5C89648}.Release|x86.ActiveCfg = Release|Win32
		{9277A89A-570E-4140-B661-FB7CD5C89648}.Release|x86.Build.0 = Release|Win32
		{9DFAC6AE-711E-41C5-87EB-2F075BC11C5A}.Debug|x64.ActiveCfg = Debug|x64
		{9DFAC6AE-711E-41C5-87EB-2F075BC11C5A}.Debug|x64.Build.0 = Debug|x64
		{9DFAC6AE-711E-41C5-87EB-2F075BC11C5A}.Debug|x86.ActiveCfg = Debug|Win32
		{9DFAC6AE-711E-41C5-87EB-2F075BC11C5A}.Debug|x86.Build.0 = Debug|Win32
		{9DFAC6AE-711E-41C5-87EB-2F075BC11C5A}.Release|x64.ActiveCfg = Release|x64
		{9DFAC6AE-711E-41C5-87EB-2F075BC11C5A}.Release|x64.Build.0 = Release|x64
		{9DFAC6AE-711E-41C5-87EB-2F075BC11C5A}.Release|x86.ActiveCfg = Release|Win32
		{9DFAC6AE-711E-41C5-87EB-2F075BC11C5A}.Release|x86.Build.0 = Release|Win32
		{808301C2-3DD6-482C-83EC-7DAD1490AC34}.Debug|x64.ActiveCfg = Debug|x64
		{808301C2-3DD6-482C-83EC-7DAD1490AC34}.Debug|x64.Build.0 = Debug|x64
		{808301C2-3DD6-482C-83EC-7DAD1490AC34}.Debug|x86.ActiveCfg = Debug|Win32
		{808301C2-3DD6-482C-83EC-7DAD1490AC34}.Debug|x86.Build.0 = Debug|Win32
		{808301C2-3DD6-482C-83EC-7DAD1490AC34}.Release|x64.ActiveCfg = Release|x64
		{808301C2-3DD6-482C-83EC-7DAD1490AC34}.Release|x64.Build.0 = Release|x64
		{808301C2-3DD6-482C-83EC-7DAD1490AC34}.Release|x86.ActiveCfg = Release|Win32
		{808301C2-3DD6-482C-83EC-7DAD1490AC34}.Release|x86.Build.0 = Release|Win32
		{A778A19A-9411-4C8A-B412-6C21C8560436}.Debug|x64.ActiveCfg = Debug|x64
		{A778A19A-9411-4C8A-B412-6C21C8560436}.Debug|x64.Build.0 = Debug|x64
		{A778A19A-9411-4C8A-B412-6C21C8560436}.Debug|x86.ActiveCfg = Debug|Win32
		{A778A19A-9411-4C8A-B412-6C21C8560436}.Debug|x86.Build.0 = Debug|Win32
		{A778A19A-9411-4C8A-B412-6C21C8560436}.Release|x64.ActiveCfg = Release|x64
		{A778A19A-9411-4C8A-B412-6C21C8560436}.Release|x64.Build.0 = Release|x64
		{A778A19A-9411-4C8A-B412-6C21C8560436}.Release|x86.ActiveCfg = Release|Win32
		{A778A19A-9411-4C8A-B412-6C21C8560436}.Release|x86.Build.0 = Release|Win32
		{BEFF7D2F-A2EB-4E94-BE9E-BB6E595A5F75}.Debug|x64.ActiveCfg = Debug|x64
		{BEFF7D2F-A2EB-4E94-BE9E-BB6E595A5F75}.Debug|x64.Build.0 = Debug|x64
		{BEFF7D2F-A2EB-4E94-BE9E-BB6E595A5F75}.Debug|x86.ActiveCfg = Debug|Win32
		{BEFF7D2F-A2EB-4E94-BE9E-BB6E595A5F75}.Debug|x86.Build.0 = Debug|Win32
		{BEFF7D2F-A2EB-4E94-BE9E-BB6E595A5F75}.Release|x64.ActiveCfg = Release|x64
		{BEFF7D2F-A2EB-4E94-BE9E-BB6E595A5F75}.Release|x64.Build.0 = Release|x64
		{BEFF7D2F-A2EB-4E94-BE9E-BB6E595A5F75}.Release|x86.ActiveCfg = Release|Win32
		{BEFF7D2F-A2EB-4E94-BE9E-BB6E595A5F75}.Release|x86.Build.0 = Release|Win32
		{C104BA29-9129-4EA5-9669-D7FDE1C1E041}.Debug|x64.ActiveCfg = Debug|x64
		{C104BA29-9129-4EA5-9669-D7FDE1C1E041}.Debug|x64.Build.0 = Debug|x64
		{C104BA29-9129-4EA5-9669-D7FDE1C1E041}.Debug|x86.ActiveCfg = Debug|Win32
		{C104BA29-9129-4EA5-9669-D7FDE1C1E041}.Debug|x86.Build.0 = Debug|Win32
		{C104BA29-9129-4EA5-9669-D7FDE1C1E041}.Release|x64.ActiveCfg = Release|x64
		{C104BA29-9129-4EA5-9669-D7FDE1C1E041}.Release|x64.Build.0 = Release|x64
		{C104BA29-9129-4EA5-9669-D7FDE1C1E041}.Release|x86.ActiveCfg = Release|Win32
		{C104BA29-9129-4EA5-9669-D7FDE1C1E041}.Release|x86.Build.0 = Release|Win32
	EndGlobalSection
	GlobalSection(SolutionProperties) = preSolution
		HideSolutionNode = FALSE
	EndGlobalSection
	GlobalSection(ExtensibilityGlobals) = postSolution
		SolutionGuid = {381DCD8F-9D73-46E1-B6DA-464F7AA2CA24}
	EndGlobalSection
EndGlobal
